
Microsoft Visual Studio Solution File, Format Version 12.00
# Visual Studio Version 16
VisualStudioVersion = 25.0.1704.0
MinimumVisualStudioVersion = 10.0.40219.1
Project("{FAE04EC0-301F-11D3-BF4B-00C04F79EFBC}") = "Noord.Hollands.Archief.Preingest.WorkerService", "Noord.Hollands.Archief.Preingest.WorkerService.csproj", "{33A423E0-8C04-42AA-9017-6B4EE8768DE0}"
EndProject
Project("{E53339B2-1760-4266-BCC7-CA923CBCF16C}") = "docker-compose", "docker-compose.dcproj", "{0F4932D4-D94F-40F0-813E-EB06AA0C1E84}"
EndProject
Global
	GlobalSection(SolutionConfigurationPlatforms) = preSolution
		Debug|Any CPU = Debug|Any CPU
		Release|Any CPU = Release|Any CPU
	EndGlobalSection
	GlobalSection(ProjectConfigurationPlatforms) = postSolution
		{33A423E0-8C04-42AA-9017-6B4EE8768DE0}.Debug|Any CPU.ActiveCfg = Debug|Any CPU
		{33A423E0-8C04-42AA-9017-6B4EE8768DE0}.Debug|Any CPU.Build.0 = Debug|Any CPU
		{33A423E0-8C04-42AA-9017-6B4EE8768DE0}.Release|Any CPU.ActiveCfg = Release|Any CPU
		{33A423E0-8C04-42AA-9017-6B4EE8768DE0}.Release|Any CPU.Build.0 = Release|Any CPU
		{0F4932D4-D94F-40F0-813E-EB06AA0C1E84}.Debug|Any CPU.ActiveCfg = Debug|Any CPU
		{0F4932D4-D94F-40F0-813E-EB06AA0C1E84}.Debug|Any CPU.Build.0 = Debug|Any CPU
		{0F4932D4-D94F-40F0-813E-EB06AA0C1E84}.Release|Any CPU.ActiveCfg = Release|Any CPU
		{0F4932D4-D94F-40F0-813E-EB06AA0C1E84}.Release|Any CPU.Build.0 = Release|Any CPU
	EndGlobalSection
	GlobalSection(SolutionProperties) = preSolution
		HideSolutionNode = FALSE
	EndGlobalSection
	GlobalSection(ExtensibilityGlobals) = postSolution
		SolutionGuid = {90304484-74E2-4920-A9C7-53BA2640B7B7}
	EndGlobalSection
EndGlobal
